
Microsoft Visual Studio Solution File, Format Version 12.00
# Visual Studio Version 16
VisualStudioVersion = 16.0.31321.278
MinimumVisualStudioVersion = 10.0.40219.1
Project("{9A19103F-16F7-4668-BE54-9A1E7A4F7556}") = "Koch.com.GeekStore.Console", "Koch.com.TicketStore.Console\Koch.com.GeekStore.Console.csproj", "{66EE5448-242D-469E-815D-485155FBA443}"
EndProject
Project("{9A19103F-16F7-4668-BE54-9A1E7A4F7556}") = "Koch.com.GeekStore.Console.Tests", "Koch.com.TicketStore.Console.Tests\Koch.com.GeekStore.Console.Tests.csproj", "{43A969CB-B9D7-45C1-871D-940D13B943BA}"
EndProject
Global
	GlobalSection(SolutionConfigurationPlatforms) = preSolution
		Debug|Any CPU = Debug|Any CPU
		Release|Any CPU = Release|Any CPU
	EndGlobalSection
	GlobalSection(ProjectConfigurationPlatforms) = postSolution
		{66EE5448-242D-469E-815D-485155FBA443}.Debug|Any CPU.ActiveCfg = Debug|Any CPU
		{66EE5448-242D-469E-815D-485155FBA443}.Debug|Any CPU.Build.0 = Debug|Any CPU
		{66EE5448-242D-469E-815D-485155FBA443}.Release|Any CPU.ActiveCfg = Release|Any CPU
		{66EE5448-242D-469E-815D-485155FBA443}.Release|Any CPU.Build.0 = Release|Any CPU
		{43A969CB-B9D7-45C1-871D-940D13B943BA}.Debug|Any CPU.ActiveCfg = Debug|Any CPU
		{43A969CB-B9D7-45C1-871D-940D13B943BA}.Debug|Any CPU.Build.0 = Debug|Any CPU
		{43A969CB-B9D7-45C1-871D-940D13B943BA}.Release|Any CPU.ActiveCfg = Release|Any CPU
		{43A969CB-B9D7-45C1-871D-940D13B943BA}.Release|Any CPU.Build.0 = Release|Any CPU
	EndGlobalSection
	GlobalSection(SolutionProperties) = preSolution
		HideSolutionNode = FALSE
	EndGlobalSection
	GlobalSection(ExtensibilityGlobals) = postSolution
		SolutionGuid = {6A12F707-A56A-4CA0-B724-12DA8F5560C1}
	EndGlobalSection
EndGlobal
